
Microsoft Visual Studio Solution File, Format Version 12.00
# Visual Studio Version 17
VisualStudioVersion = 17.11.35312.102
MinimumVisualStudioVersion = 10.0.40219.1
Project("{FAE04EC0-301F-11D3-BF4B-00C04F79EFBC}") = "MiniWindowGame", "MiniWindowGame\MiniWindowGame.csproj", "{F8BEEC98-1A50-4496-8EF4-2BDB70D7C359}"
EndProject
Project("{FAE04EC0-301F-11D3-BF4B-00C04F79EFBC}") = "MiniWindowGameLib", "MiniWindowGameLib\MiniWindowGameLib.csproj", "{3A30440D-15C5-40F6-BA9B-B16BAEF89944}"
EndProject
Global
	GlobalSection(SolutionConfigurationPlatforms) = preSolution
		Debug|Any CPU = Debug|Any CPU
		Release|Any CPU = Release|Any CPU
	EndGlobalSection
	GlobalSection(ProjectConfigurationPlatforms) = postSolution
		{F8BEEC98-1A50-4496-8EF4-2BDB70D7C359}.Debug|Any CPU.ActiveCfg = Debug|Any CPU
		{F8BEEC98-1A50-4496-8EF4-2BDB70D7C359}.Debug|Any CPU.Build.0 = Debug|Any CPU
		{F8BEEC98-1A50-4496-8EF4-2BDB70D7C359}.Release|Any CPU.ActiveCfg = Release|Any CPU
		{F8BEEC98-1A50-4496-8EF4-2BDB70D7C359}.Release|Any CPU.Build.0 = Release|Any CPU
		{3A30440D-15C5-40F6-BA9B-B16BAEF89944}.Debug|Any CPU.ActiveCfg = Debug|Any CPU
		{3A30440D-15C5-40F6-BA9B-B16BAEF89944}.Debug|Any CPU.Build.0 = Debug|Any CPU
		{3A30440D-15C5-40F6-BA9B-B16BAEF89944}.Release|Any CPU.ActiveCfg = Release|Any CPU
		{3A30440D-15C5-40F6-BA9B-B16BAEF89944}.Release|Any CPU.Build.0 = Release|Any CPU
	EndGlobalSection
	GlobalSection(SolutionProperties) = preSolution
		HideSolutionNode = FALSE
	EndGlobalSection
	GlobalSection(ExtensibilityGlobals) = postSolution
		SolutionGuid = {A1472DFE-872C-4BF0-87E1-848F9EBB77A6}
	EndGlobalSection
EndGlobal
